
Microsoft Visual Studio Solution File, Format Version 12.00
# Visual Studio Version 16
VisualStudioVersion = 16.0.31729.503
MinimumVisualStudioVersion = 10.0.40219.1
Project("{FAE04EC0-301F-11D3-BF4B-00C04F79EFBC}") = "CPL", "CPL\CPL.csproj", "{C0C7305F-D26B-45D0-906F-B9E59CADD55D}"
EndProject
Global
	GlobalSection(SolutionConfigurationPlatforms) = preSolution
		Arb|Any CPU = Arb|Any CPU
		Arb|x64 = Arb|x64
		Debug|Any CPU = Debug|Any CPU
		Debug|x64 = Debug|x64
		Grunt|Any CPU = Grunt|Any CPU
		Grunt|x64 = Grunt|x64
		HijackHunter|Any CPU = HijackHunter|Any CPU
		HijackHunter|x64 = HijackHunter|x64
		List|Any CPU = List|Any CPU
		List|x64 = List|x64
		Release|Any CPU = Release|Any CPU
		Release|x64 = Release|x64
		Rubeus|Any CPU = Rubeus|Any CPU
		Rubeus|x64 = Rubeus|x64
		Seatbelt|Any CPU = Seatbelt|Any CPU
		Seatbelt|x64 = Seatbelt|x64
		SharpMapExec|Any CPU = SharpMapExec|Any CPU
		SharpMapExec|x64 = SharpMapExec|x64
	EndGlobalSection
	GlobalSection(ProjectConfigurationPlatforms) = postSolution
		{C0C7305F-D26B-45D0-906F-B9E59CADD55D}.Arb|Any CPU.ActiveCfg = Arb|Any CPU
		{C0C7305F-D26B-45D0-906F-B9E59CADD55D}.Arb|Any CPU.Build.0 = Arb|Any CPU
		{C0C7305F-D26B-45D0-906F-B9E59CADD55D}.Arb|x64.ActiveCfg = Arb|x64
		{C0C7305F-D26B-45D0-906F-B9E59CADD55D}.Arb|x64.Build.0 = Arb|x64
		{C0C7305F-D26B-45D0-906F-B9E59CADD55D}.Debug|Any CPU.ActiveCfg = Debug|Any CPU
		{C0C7305F-D26B-45D0-906F-B9E59CADD55D}.Debug|Any CPU.Build.0 = Debug|Any CPU
		{C0C7305F-D26B-45D0-906F-B9E59CADD55D}.Debug|x64.ActiveCfg = Debug|x64
		{C0C7305F-D26B-45D0-906F-B9E59CADD55D}.Debug|x64.Build.0 = Debug|x64
		{C0C7305F-D26B-45D0-906F-B9E59CADD55D}.Grunt|Any CPU.ActiveCfg = Grunt|Any CPU
		{C0C7305F-D26B-45D0-906F-B9E59CADD55D}.Grunt|Any CPU.Build.0 = Grunt|Any CPU
		{C0C7305F-D26B-45D0-906F-B9E59CADD55D}.Grunt|x64.ActiveCfg = Grunt|x64
		{C0C7305F-D26B-45D0-906F-B9E59CADD55D}.Grunt|x64.Build.0 = Grunt|x64
		{C0C7305F-D26B-45D0-906F-B9E59CADD55D}.HijackHunter|Any CPU.ActiveCfg = HijackHunter|Any CPU
		{C0C7305F-D26B-45D0-906F-B9E59CADD55D}.HijackHunter|Any CPU.Build.0 = HijackHunter|Any CPU
		{C0C7305F-D26B-45D0-906F-B9E59CADD55D}.HijackHunter|x64.ActiveCfg = HijackHunter|x64
		{C0C7305F-D26B-45D0-906F-B9E59CADD55D}.HijackHunter|x64.Build.0 = HijackHunter|x64
		{C0C7305F-D26B-45D0-906F-B9E59CADD55D}.List|Any CPU.ActiveCfg = List|Any CPU
		{C0C7305F-D26B-45D0-906F-B9E59CADD55D}.List|Any CPU.Build.0 = List|Any CPU
		{C0C7305F-D26B-45D0-906F-B9E59CADD55D}.List|x64.ActiveCfg = List|x64
		{C0C7305F-D26B-45D0-906F-B9E59CADD55D}.List|x64.Build.0 = List|x64
		{C0C7305F-D26B-45D0-906F-B9E59CADD55D}.Release|Any CPU.ActiveCfg = Release|Any CPU
		{C0C7305F-D26B-45D0-906F-B9E59CADD55D}.Release|Any CPU.Build.0 = Release|Any CPU
		{C0C7305F-D26B-45D0-906F-B9E59CADD55D}.Release|x64.ActiveCfg = Release|x64
		{C0C7305F-D26B-45D0-906F-B9E59CADD55D}.Release|x64.Build.0 = Release|x64
		{C0C7305F-D26B-45D0-906F-B9E59CADD55D}.Rubeus|Any CPU.ActiveCfg = Rubeus|Any CPU
		{C0C7305F-D26B-45D0-906F-B9E59CADD55D}.Rubeus|Any CPU.Build.0 = Rubeus|Any CPU
		{C0C7305F-D26B-45D0-906F-B9E59CADD55D}.Rubeus|x64.ActiveCfg = Rubeus|x64
		{C0C7305F-D26B-45D0-906F-B9E59CADD55D}.Rubeus|x64.Build.0 = Rubeus|x64
		{C0C7305F-D26B-45D0-906F-B9E59CADD55D}.Seatbelt|Any CPU.ActiveCfg = Seatbelt|Any CPU
		{C0C7305F-D26B-45D0-906F-B9E59CADD55D}.Seatbelt|Any CPU.Build.0 = Seatbelt|Any CPU
		{C0C7305F-D26B-45D0-906F-B9E59CADD55D}.Seatbelt|x64.ActiveCfg = Seatbelt|x64
		{C0C7305F-D26B-45D0-906F-B9E59CADD55D}.Seatbelt|x64.Build.0 = Seatbelt|x64
		{C0C7305F-D26B-45D0-906F-B9E59CADD55D}.SharpMapExec|Any CPU.ActiveCfg = SharpMapExec|Any CPU
		{C0C7305F-D26B-45D0-906F-B9E59CADD55D}.SharpMapExec|Any CPU.Build.0 = SharpMapExec|Any CPU
		{C0C7305F-D26B-45D0-906F-B9E59CADD55D}.SharpMapExec|x64.ActiveCfg = SharpMapExec|x64
		{C0C7305F-D26B-45D0-906F-B9E59CADD55D}.SharpMapExec|x64.Build.0 = SharpMapExec|x64
	EndGlobalSection
	GlobalSection(SolutionProperties) = preSolution
		HideSolutionNode = FALSE
	EndGlobalSection
	GlobalSection(ExtensibilityGlobals) = postSolution
		SolutionGuid = {687EE616-B425-4D28-963A-7D0323EFAE94}
	EndGlobalSection
EndGlobal
